// !$*UTF8*$!
{
	archiveVersion = 1;
	classes = {
	};
	objectVersion = 50;
	objects = {

/* Begin PBXBuildFile section */
		4E2BA80E258764D600B53E70 /* SibielApp.swift in Sources */ = {isa = PBXBuildFile; fileRef = 4E2BA80D258764D600B53E70 /* SibielApp.swift */; };
		4E2BA810258764D600B53E70 /* ContentView.swift in Sources */ = {isa = PBXBuildFile; fileRef = 4E2BA80F258764D600B53E70 /* ContentView.swift */; };
		4E2BA812258764D700B53E70 /* Assets.xcassets in Resources */ = {isa = PBXBuildFile; fileRef = 4E2BA811258764D700B53E70 /* Assets.xcassets */; };
		4E2BA815258764D700B53E70 /* Preview Assets.xcassets in Resources */ = {isa = PBXBuildFile; fileRef = 4E2BA814258764D700B53E70 /* Preview Assets.xcassets */; };
		4E2BA821258764D800B53E70 /* SibielTests.swift in Sources */ = {isa = PBXBuildFile; fileRef = 4E2BA820258764D800B53E70 /* SibielTests.swift */; };
		4E2BA82C258764D800B53E70 /* SibielUITests.swift in Sources */ = {isa = PBXBuildFile; fileRef = 4E2BA82B258764D800B53E70 /* SibielUITests.swift */; };
/* End PBXBuildFile section */

/* Begin PBXContainerItemProxy section */
		4E2BA81D258764D800B53E70 /* PBXContainerItemProxy */ = {
			isa = PBXContainerItemProxy;
			containerPortal = 4E2BA802258764D600B53E70 /* Project object */;
			proxyType = 1;
			remoteGlobalIDString = 4E2BA809258764D600B53E70;
			remoteInfo = Sibiel;
		};
		4E2BA828258764D800B53E70 /* PBXContainerItemProxy */ = {
			isa = PBXContainerItemProxy;
			containerPortal = 4E2BA802258764D600B53E70 /* Project object */;
			proxyType = 1;
			remoteGlobalIDString = 4E2BA809258764D600B53E70;
			remoteInfo = Sibiel;
		};
/* End PBXContainerItemProxy section */

/* Begin PBXFileReference section */
		4E2BA80A258764D600B53E70 /* Sibiel.app */ = {isa = PBXFileReference; explicitFileType = wrapper.application; includeInIndex = 0; path = Sibiel.app; sourceTree = BUILT_PRODUCTS_DIR; };
		4E2BA80D258764D600B53E70 /* SibielApp.swift */ = {isa = PBXFileReference; lastKnownFileType = sourcecode.swift; path = SibielApp.swift; sourceTree = "<group>"; };
		4E2BA80F258764D600B53E70 /* ContentView.swift */ = {isa = PBXFileReference; lastKnownFileType = sourcecode.swift; path = ContentView.swift; sourceTree = "<group>"; };
		4E2BA811258764D700B53E70 /* Assets.xcassets */ = {isa = PBXFileReference; lastKnownFileType = folder.assetcatalog; path = Assets.xcassets; sourceTree = "<group>"; };
		4E2BA814258764D700B53E70 /* Preview Assets.xcassets */ = {isa = PBXFileReference; lastKnownFileType = folder.assetcatalog; path = "Preview Assets.xcassets"; sourceTree = "<group>"; };
		4E2BA816258764D700B53E70 /* Info.plist */ = {isa = PBXFileReference; lastKnownFileType = text.plist.xml; path = Info.plist; sourceTree = "<group>"; };
		4E2BA817258764D700B53E70 /* Sibiel.entitlements */ = {isa = PBXFileReference; lastKnownFileType = text.plist.entitlements; path = Sibiel.entitlements; sourceTree = "<group>"; };
		4E2BA81C258764D800B53E70 /* SibielTests.xctest */ = {isa = PBXFileReference; explicitFileType = wrapper.cfbundle; includeInIndex = 0; path = SibielTests.xctest; sourceTree = BUILT_PRODUCTS_DIR; };
		4E2BA820258764D800B53E70 /* SibielTests.swift */ = {isa = PBXFileReference; lastKnownFileType = sourcecode.swift; path = SibielTests.swift; sourceTree = "<group>"; };
		4E2BA822258764D800B53E70 /* Info.plist */ = {isa = PBXFileReference; lastKnownFileType = text.plist.xml; path = Info.plist; sourceTree = "<group>"; };
		4E2BA827258764D800B53E70 /* SibielUITests.xctest */ = {isa = PBXFileReference; explicitFileType = wrapper.cfbundle; includeInIndex = 0; path = SibielUITests.xctest; sourceTree = BUILT_PRODUCTS_DIR; };
		4E2BA82B258764D800B53E70 /* SibielUITests.swift */ = {isa = PBXFileReference; lastKnownFileType = sourcecode.swift; path = SibielUITests.swift; sourceTree = "<group>"; };
		4E2BA82D258764D800B53E70 /* Info.plist */ = {isa = PBXFileReference; lastKnownFileType = text.plist.xml; path = Info.plist; sourceTree = "<group>"; };
/* End PBXFileReference section */

/* Begin PBXFrameworksBuildPhase section */
		4E2BA807258764D600B53E70 /* Frameworks */ = {
			isa = PBXFrameworksBuildPhase;
			buildActionMask = 2147483647;
			files = (
			);
			runOnlyForDeploymentPostprocessing = 0;
		};
		4E2BA819258764D800B53E70 /* Frameworks */ = {
			isa = PBXFrameworksBuildPhase;
			buildActionMask = 2147483647;
			files = (
			);
			runOnlyForDeploymentPostprocessing = 0;
		};
		4E2BA824258764D800B53E70 /* Frameworks */ = {
			isa = PBXFrameworksBuildPhase;
			buildActionMask = 2147483647;
			files = (
			);
			runOnlyForDeploymentPostprocessing = 0;
		};
/* End PBXFrameworksBuildPhase section */

/* Begin PBXGroup section */
		4E2BA801258764D600B53E70 = {
			isa = PBXGroup;
			children = (
				4E2BA80C258764D600B53E70 /* Sibiel */,
				4E2BA81F258764D800B53E70 /* SibielTests */,
				4E2BA82A258764D800B53E70 /* SibielUITests */,
				4E2BA80B258764D600B53E70 /* Products */,
			);
			sourceTree = "<group>";
		};
		4E2BA80B258764D600B53E70 /* Products */ = {
			isa = PBXGroup;
			children = (
				4E2BA80A258764D600B53E70 /* Sibiel.app */,
				4E2BA81C258764D800B53E70 /* SibielTests.xctest */,
				4E2BA827258764D800B53E70 /* SibielUITests.xctest */,
			);
			name = Products;
			sourceTree = "<group>";
		};
		4E2BA80C258764D600B53E70 /* Sibiel */ = {
			isa = PBXGroup;
			children = (
				4E2BA80D258764D600B53E70 /* SibielApp.swift */,
				4E2BA80F258764D600B53E70 /* ContentView.swift */,
				4E2BA811258764D700B53E70 /* Assets.xcassets */,
				4E2BA816258764D700B53E70 /* Info.plist */,
				4E2BA817258764D700B53E70 /* Sibiel.entitlements */,
				4E2BA813258764D700B53E70 /* Preview Content */,
			);
			path = Sibiel;
			sourceTree = "<group>";
		};
		4E2BA813258764D700B53E70 /* Preview Content */ = {
			isa = PBXGroup;
			children = (
				4E2BA814258764D700B53E70 /* Preview Assets.xcassets */,
			);
			path = "Preview Content";
			sourceTree = "<group>";
		};
		4E2BA81F258764D800B53E70 /* SibielTests */ = {
			isa = PBXGroup;
			children = (
				4E2BA820258764D800B53E70 /* SibielTests.swift */,
				4E2BA822258764D800B53E70 /* Info.plist */,
			);
			path = SibielTests;
			sourceTree = "<group>";
		};
		4E2BA82A258764D800B53E70 /* SibielUITests */ = {
			isa = PBXGroup;
			children = (
				4E2BA82B258764D800B53E70 /* SibielUITests.swift */,
				4E2BA82D258764D800B53E70 /* Info.plist */,
			);
			path = SibielUITests;
			sourceTree = "<group>";
		};
/* End PBXGroup section */

/* Begin PBXNativeTarget section */
		4E2BA809258764D600B53E70 /* Sibiel */ = {
			isa = PBXNativeTarget;
			buildConfigurationList = 4E2BA830258764D800B53E70 /* Build configuration list for PBXNativeTarget "Sibiel" */;
			buildPhases = (
				4E2BA806258764D600B53E70 /* Sources */,
				4E2BA807258764D600B53E70 /* Frameworks */,
				4E2BA808258764D600B53E70 /* Resources */,
			);
			buildRules = (
			);
			dependencies = (
			);
			name = Sibiel;
			productName = Sibiel;
			productReference = 4E2BA80A258764D600B53E70 /* Sibiel.app */;
			productType = "com.apple.product-type.application";
		};
		4E2BA81B258764D800B53E70 /* SibielTests */ = {
			isa = PBXNativeTarget;
			buildConfigurationList = 4E2BA833258764D800B53E70 /* Build configuration list for PBXNativeTarget "SibielTests" */;
			buildPhases = (
				4E2BA818258764D800B53E70 /* Sources */,
				4E2BA819258764D800B53E70 /* Frameworks */,
				4E2BA81A258764D800B53E70 /* Resources */,
			);
			buildRules = (
			);
			dependencies = (
				4E2BA81E258764D800B53E70 /* PBXTargetDependency */,
			);
			name = SibielTests;
			productName = SibielTests;
			productReference = 4E2BA81C258764D800B53E70 /* SibielTests.xctest */;
			productType = "com.apple.product-type.bundle.unit-test";
		};
		4E2BA826258764D800B53E70 /* SibielUITests */ = {
			isa = PBXNativeTarget;
			buildConfigurationList = 4E2BA836258764D800B53E70 /* Build configuration list for PBXNativeTarget "SibielUITests" */;
			buildPhases = (
				4E2BA823258764D800B53E70 /* Sources */,
				4E2BA824258764D800B53E70 /* Frameworks */,
				4E2BA825258764D800B53E70 /* Resources */,
			);
			buildRules = (
			);
			dependencies = (
				4E2BA829258764D800B53E70 /* PBXTargetDependency */,
			);
			name = SibielUITests;
			productName = SibielUITests;
			productReference = 4E2BA827258764D800B53E70 /* SibielUITests.xctest */;
			productType = "com.apple.product-type.bundle.ui-testing";
		};
/* End PBXNativeTarget section */

/* Begin PBXProject section */
		4E2BA802258764D600B53E70 /* Project object */ = {
			isa = PBXProject;
			attributes = {
				LastSwiftUpdateCheck = 1220;
				LastUpgradeCheck = 1220;
				TargetAttributes = {
					4E2BA809258764D600B53E70 = {
						CreatedOnToolsVersion = 12.2;
					};
					4E2BA81B258764D800B53E70 = {
						CreatedOnToolsVersion = 12.2;
						TestTargetID = 4E2BA809258764D600B53E70;
					};
					4E2BA826258764D800B53E70 = {
						CreatedOnToolsVersion = 12.2;
						TestTargetID = 4E2BA809258764D600B53E70;
					};
				};
			};
			buildConfigurationList = 4E2BA805258764D600B53E70 /* Build configuration list for PBXProject "Sibiel" */;
			compatibilityVersion = "Xcode 9.3";
			developmentRegion = en;
			hasScannedForEncodings = 0;
			knownRegions = (
				en,
				Base,
			);
			mainGroup = 4E2BA801258764D600B53E70;
			productRefGroup = 4E2BA80B258764D600B53E70 /* Products */;
			projectDirPath = "";
			projectRoot = "";
			targets = (
				4E2BA809258764D600B53E70 /* Sibiel */,
				4E2BA81B258764D800B53E70 /* SibielTests */,
				4E2BA826258764D800B53E70 /* SibielUITests */,
			);
		};
/* End PBXProject section */

/* Begin PBXResourcesBuildPhase section */
		4E2BA808258764D600B53E70 /* Resources */ = {
			isa = PBXResourcesBuildPhase;
			buildActionMask = 2147483647;
			files = (
				4E2BA815258764D700B53E70 /* Preview Assets.xcassets in Resources */,
				4E2BA812258764D700B53E70 /* Assets.xcassets in Resources */,
			);
			runOnlyForDeploymentPostprocessing = 0;
		};
		4E2BA81A258764D800B53E70 /* Resources */ = {
			isa = PBXResourcesBuildPhase;
			buildActionMask = 2147483647;
			files = (
			);
			runOnlyForDeploymentPostprocessing = 0;
		};
		4E2BA825258764D800B53E70 /* Resources */ = {
			isa = PBXResourcesBuildPhase;
			buildActionMask = 2147483647;
			files = (
			);
			runOnlyForDeploymentPostprocessing = 0;
		};
/* End PBXResourcesBuildPhase section */

/* Begin PBXSourcesBuildPhase section */
		4E2BA806258764D600B53E70 /* Sources */ = {
			isa = PBXSourcesBuildPhase;
			buildActionMask = 2147483647;
			files = (
				4E2BA810258764D600B53E70 /* ContentView.swift in Sources */,
				4E2BA80E258764D600B53E70 /* SibielApp.swift in Sources */,
			);
			runOnlyForDeploymentPostprocessing = 0;
		};
		4E2BA818258764D800B53E70 /* Sources */ = {
			isa = PBXSourcesBuildPhase;
			buildActionMask = 2147483647;
			files = (
				4E2BA821258764D800B53E70 /* SibielTests.swift in Sources */,
			);
			runOnlyForDeploymentPostprocessing = 0;
		};
		4E2BA823258764D800B53E70 /* Sources */ = {
			isa = PBXSourcesBuildPhase;
			buildActionMask = 2147483647;
			files = (
				4E2BA82C258764D800B53E70 /* SibielUITests.swift in Sources */,
			);
			runOnlyForDeploymentPostprocessing = 0;
		};
/* End PBXSourcesBuildPhase section */

/* Begin PBXTargetDependency section */
		4E2BA81E258764D800B53E70 /* PBXTargetDependency */ = {
			isa = PBXTargetDependency;
			target = 4E2BA809258764D600B53E70 /* Sibiel */;
			targetProxy = 4E2BA81D258764D800B53E70 /* PBXContainerItemProxy */;
		};
		4E2BA829258764D800B53E70 /* PBXTargetDependency */ = {
			isa = PBXTargetDependency;
			target = 4E2BA809258764D600B53E70 /* Sibiel */;
			targetProxy = 4E2BA828258764D800B53E70 /* PBXContainerItemProxy */;
		};
/* End PBXTargetDependency section */

/* Begin XCBuildConfiguration section */
		4E2BA82E258764D800B53E70 /* Debug */ = {
			isa = XCBuildConfiguration;
			buildSettings = {
				ALWAYS_SEARCH_USER_PATHS = NO;
				CLANG_ANALYZER_NONNULL = YES;
				CLANG_ANALYZER_NUMBER_OBJECT_CONVERSION = YES_AGGRESSIVE;
				CLANG_CXX_LANGUAGE_STANDARD = "gnu++14";
				CLANG_CXX_LIBRARY = "libc++";
				CLANG_ENABLE_MODULES = YES;
				CLANG_ENABLE_OBJC_ARC = YES;
				CLANG_ENABLE_OBJC_WEAK = YES;
				CLANG_WARN_BLOCK_CAPTURE_AUTORELEASING = YES;
				CLANG_WARN_BOOL_CONVERSION = YES;
				CLANG_WARN_COMMA = YES;
				CLANG_WARN_CONSTANT_CONVERSION = YES;
				CLANG_WARN_DEPRECATED_OBJC_IMPLEMENTATIONS = YES;
				CLANG_WARN_DIRECT_OBJC_ISA_USAGE = YES_ERROR;
				CLANG_WARN_DOCUMENTATION_COMMENTS = YES;
				CLANG_WARN_EMPTY_BODY = YES;
				CLANG_WARN_ENUM_CONVERSION = YES;
				CLANG_WARN_INFINITE_RECURSION = YES;
				CLANG_WARN_INT_CONVERSION = YES;
				CLANG_WARN_NON_LITERAL_NULL_CONVERSION = YES;
				CLANG_WARN_OBJC_IMPLICIT_RETAIN_SELF = YES;
				CLANG_WARN_OBJC_LITERAL_CONVERSION = YES;
				CLANG_WARN_OBJC_ROOT_CLASS = YES_ERROR;
				CLANG_WARN_QUOTED_INCLUDE_IN_FRAMEWORK_HEADER = YES;
				CLANG_WARN_RANGE_LOOP_ANALYSIS = YES;
				CLANG_WARN_STRICT_PROTOTYPES = YES;
				CLANG_WARN_SUSPICIOUS_MOVE = YES;
				CLANG_WARN_UNGUARDED_AVAILABILITY = YES_AGGRESSIVE;
				CLANG_WARN_UNREACHABLE_CODE = YES;
				CLANG_WARN__DUPLICATE_METHOD_MATCH = YES;
				COPY_PHASE_STRIP = NO;
				DEBUG_INFORMATION_FORMAT = dwarf;
				ENABLE_STRICT_OBJC_MSGSEND = YES;
				ENABLE_TESTABILITY = YES;
				GCC_C_LANGUAGE_STANDARD = gnu11;
				GCC_DYNAMIC_NO_PIC = NO;
				GCC_NO_COMMON_BLOCKS = YES;
				GCC_OPTIMIZATION_LEVEL = 0;
				GCC_PREPROCESSOR_DEFINITIONS = (
					"DEBUG=1",
					"$(inherited)",
				);
				GCC_WARN_64_TO_32_BIT_CONVERSION = YES;
				GCC_WARN_ABOUT_RETURN_TYPE = YES_ERROR;
				GCC_WARN_UNDECLARED_SELECTOR = YES;
				GCC_WARN_UNINITIALIZED_AUTOS = YES_AGGRESSIVE;
				GCC_WARN_UNUSED_FUNCTION = YES;
				GCC_WARN_UNUSED_VARIABLE = YES;
				MACOSX_DEPLOYMENT_TARGET = 11.0;
				MTL_ENABLE_DEBUG_INFO = INCLUDE_SOURCE;
				MTL_FAST_MATH = YES;
				ONLY_ACTIVE_ARCH = YES;
				SDKROOT = macosx;
				SWIFT_ACTIVE_COMPILATION_CONDITIONS = DEBUG;
				SWIFT_OPTIMIZATION_LEVEL = "-Onone";
			};
			name = Debug;
		};
		4E2BA82F258764D800B53E70 /* Release */ = {
			isa = XCBuildConfiguration;
			buildSettings = {
				ALWAYS_SEARCH_USER_PATHS = NO;
				CLANG_ANALYZER_NONNULL = YES;
				CLANG_ANALYZER_NUMBER_OBJECT_CONVERSION = YES_AGGRESSIVE;
				CLANG_CXX_LANGUAGE_STANDARD = "gnu++14";
				CLANG_CXX_LIBRARY = "libc++";
				CLANG_ENABLE_MODULES = YES;
				CLANG_ENABLE_OBJC_ARC = YES;
				CLANG_ENABLE_OBJC_WEAK = YES;
				CLANG_WARN_BLOCK_CAPTURE_AUTORELEASING = YES;
				CLANG_WARN_BOOL_CONVERSION = YES;
				CLANG_WARN_COMMA = YES;
				CLANG_WARN_CONSTANT_CONVERSION = YES;
				CLANG_WARN_DEPRECATED_OBJC_IMPLEMENTATIONS = YES;
				CLANG_WARN_DIRECT_OBJC_ISA_USAGE = YES_ERROR;
				CLANG_WARN_DOCUMENTATION_COMMENTS = YES;
				CLANG_WARN_EMPTY_BODY = YES;
				CLANG_WARN_ENUM_CONVERSION = YES;
				CLANG_WARN_INFINITE_RECURSION = YES;
				CLANG_WARN_INT_CONVERSION = YES;
				CLANG_WARN_NON_LITERAL_NULL_CONVERSION = YES;
				CLANG_WARN_OBJC_IMPLICIT_RETAIN_SELF = YES;
				CLANG_WARN_OBJC_LITERAL_CONVERSION = YES;
				CLANG_WARN_OBJC_ROOT_CLASS = YES_ERROR;
				CLANG_WARN_QUOTED_INCLUDE_IN_FRAMEWORK_HEADER = YES;
				CLANG_WARN_RANGE_LOOP_ANALYSIS = YES;
				CLANG_WARN_STRICT_PROTOTYPES = YES;
				CLANG_WARN_SUSPICIOUS_MOVE = YES;
				CLANG_WARN_UNGUARDED_AVAILABILITY = YES_AGGRESSIVE;
				CLANG_WARN_UNREACHABLE_CODE = YES;
				CLANG_WARN__DUPLICATE_METHOD_MATCH = YES;
				COPY_PHASE_STRIP = NO;
				DEBUG_INFORMATION_FORMAT = "dwarf-with-dsym";
				ENABLE_NS_ASSERTIONS = NO;
				ENABLE_STRICT_OBJC_MSGSEND = YES;
				GCC_C_LANGUAGE_STANDARD = gnu11;
				GCC_NO_COMMON_BLOCKS = YES;
				GCC_WARN_64_TO_32_BIT_CONVERSION = YES;
				GCC_WARN_ABOUT_RETURN_TYPE = YES_ERROR;
				GCC_WARN_UNDECLARED_SELECTOR = YES;
				GCC_WARN_UNINITIALIZED_AUTOS = YES_AGGRESSIVE;
				GCC_WARN_UNUSED_FUNCTION = YES;
				GCC_WARN_UNUSED_VARIABLE = YES;
				MACOSX_DEPLOYMENT_TARGET = 11.0;
				MTL_ENABLE_DEBUG_INFO = NO;
				MTL_FAST_MATH = YES;
				SDKROOT = macosx;
				SWIFT_COMPILATION_MODE = wholemodule;
				SWIFT_OPTIMIZATION_LEVEL = "-O";
			};
			name = Release;
		};
		4E2BA831258764D800B53E70 /* Debug */ = {
			isa = XCBuildConfiguration;
			buildSettings = {
				ASSETCATALOG_COMPILER_APPICON_NAME = AppIcon;
				ASSETCATALOG_COMPILER_GLOBAL_ACCENT_COLOR_NAME = AccentColor;
				CODE_SIGN_ENTITLEMENTS = Sibiel/Sibiel.entitlements;
				CODE_SIGN_STYLE = Automatic;
				COMBINE_HIDPI_IMAGES = YES;
				DEVELOPMENT_ASSET_PATHS = "\"Sibiel/Preview Content\"";
				DEVELOPMENT_TEAM = Q439HWVNT9;
				ENABLE_HARDENED_RUNTIME = YES;
				ENABLE_PREVIEWS = YES;
				INFOPLIST_FILE = Sibiel/Info.plist;
				LD_RUNPATH_SEARCH_PATHS = (
					"$(inherited)",
					"@executable_path/../Frameworks",
				);
				MACOSX_DEPLOYMENT_TARGET = 11.0;
				PRODUCT_BUNDLE_IDENTIFIER = com.dag.mac.Sibiel;
				PRODUCT_NAME = "$(TARGET_NAME)";
				SWIFT_VERSION = 5.0;
			};
			name = Debug;
		};
		4E2BA832258764D800B53E70 /* Release */ = {
			isa = XCBuildConfiguration;
			buildSettings = {
				ASSETCATALOG_COMPILER_APPICON_NAME = AppIcon;
				ASSETCATALOG_COMPILER_GLOBAL_ACCENT_COLOR_NAME = AccentColor;
				CODE_SIGN_ENTITLEMENTS = Sibiel/Sibiel.entitlements;
				CODE_SIGN_STYLE = Automatic;
				COMBINE_HIDPI_IMAGES = YES;
				DEVELOPMENT_ASSET_PATHS = "\"Sibiel/Preview Content\"";
				DEVELOPMENT_TEAM = Q439HWVNT9;
				ENABLE_HARDENED_RUNTIME = YES;
				ENABLE_PREVIEWS = YES;
				INFOPLIST_FILE = Sibiel/Info.plist;
				LD_RUNPATH_SEARCH_PATHS = (
					"$(inherited)",
					"@executable_path/../Frameworks",
				);
				MACOSX_DEPLOYMENT_TARGET = 11.0;
				PRODUCT_BUNDLE_IDENTIFIER = com.dag.mac.Sibiel;
				PRODUCT_NAME = "$(TARGET_NAME)";
				SWIFT_VERSION = 5.0;
			};
			name = Release;
		};
		4E2BA834258764D800B53E70 /* Debug */ = {
			isa = XCBuildConfiguration;
			buildSettings = {
				ALWAYS_EMBED_SWIFT_STANDARD_LIBRARIES = YES;
				BUNDLE_LOADER = "$(TEST_HOST)";
				CODE_SIGN_STYLE = Automatic;
				COMBINE_HIDPI_IMAGES = YES;
				DEVELOPMENT_TEAM = Q439HWVNT9;
				INFOPLIST_FILE = SibielTests/Info.plist;
				LD_RUNPATH_SEARCH_PATHS = (
					"$(inherited)",
					"@executable_path/../Frameworks",
					"@loader_path/../Frameworks",
				);
				MACOSX_DEPLOYMENT_TARGET = 11.0;
				PRODUCT_BUNDLE_IDENTIFIER = com.dag.mac.SibielTests;
				PRODUCT_NAME = "$(TARGET_NAME)";
				SWIFT_VERSION = 5.0;
				TEST_HOST = "$(BUILT_PRODUCTS_DIR)/Sibiel.app/Contents/MacOS/Sibiel";
			};
			name = Debug;
		};
		4E2BA835258764D800B53E70 /* Release */ = {
			isa = XCBuildConfiguration;
			buildSettings = {
				ALWAYS_EMBED_SWIFT_STANDARD_LIBRARIES = YES;
				BUNDLE_LOADER = "$(TEST_HOST)";
				CODE_SIGN_STYLE = Automatic;
				COMBINE_HIDPI_IMAGES = YES;
				DEVELOPMENT_TEAM = Q439HWVNT9;
				INFOPLIST_FILE = SibielTests/Info.plist;
				LD_RUNPATH_SEARCH_PATHS = (
					"$(inherited)",
					"@executable_path/../Frameworks",
					"@loader_path/../Frameworks",
				);
				MACOSX_DEPLOYMENT_TARGET = 11.0;
				PRODUCT_BUNDLE_IDENTIFIER = com.dag.mac.SibielTests;
				PRODUCT_NAME = "$(TARGET_NAME)";
				SWIFT_VERSION = 5.0;
				TEST_HOST = "$(BUILT_PRODUCTS_DIR)/Sibiel.app/Contents/MacOS/Sibiel";
			};
			name = Release;
		};
		4E2BA837258764D800B53E70 /* Debug */ = {
			isa = XCBuildConfiguration;
			buildSettings = {
				ALWAYS_EMBED_SWIFT_STANDARD_LIBRARIES = YES;
				CODE_SIGN_STYLE = Automatic;
				COMBINE_HIDPI_IMAGES = YES;
				DEVELOPMENT_TEAM = Q439HWVNT9;
				INFOPLIST_FILE = SibielUITests/Info.plist;
				LD_RUNPATH_SEARCH_PATHS = (
					"$(inherited)",
					"@executable_path/../Frameworks",
					"@loader_path/../Frameworks",
				);
				PRODUCT_BUNDLE_IDENTIFIER = com.dag.mac.SibielUITests;
				PRODUCT_NAME = "$(TARGET_NAME)";
				SWIFT_VERSION = 5.0;
				TEST_TARGET_NAME = Sibiel;
			};
			name = Debug;
		};
		4E2BA838258764D800B53E70 /* Release */ = {
			isa = XCBuildConfiguration;
			buildSettings = {
				ALWAYS_EMBED_SWIFT_STANDARD_LIBRARIES = YES;
				CODE_SIGN_STYLE = Automatic;
				COMBINE_HIDPI_IMAGES = YES;
				DEVELOPMENT_TEAM = Q439HWVNT9;
				INFOPLIST_FILE = SibielUITests/Info.plist;
				LD_RUNPATH_SEARCH_PATHS = (
					"$(inherited)",
					"@executable_path/../Frameworks",
					"@loader_path/../Frameworks",
				);
				PRODUCT_BUNDLE_IDENTIFIER = com.dag.mac.SibielUITests;
				PRODUCT_NAME = "$(TARGET_NAME)";
				SWIFT_VERSION = 5.0;
				TEST_TARGET_NAME = Sibiel;
			};
			name = Release;
		};
/* End XCBuildConfiguration section */

/* Begin XCConfigurationList section */
		4E2BA805258764D600B53E70 /* Build configuration list for PBXProject "Sibiel" */ = {
			isa = XCConfigurationList;
			buildConfigurations = (
				4E2BA82E258764D800B53E70 /* Debug */,
				4E2BA82F258764D800B53E70 /* Release */,
			);
			defaultConfigurationIsVisible = 0;
			defaultConfigurationName = Release;
		};
		4E2BA830258764D800B53E70 /* Build configuration list for PBXNativeTarget "Sibiel" */ = {
			isa = XCConfigurationList;
			buildConfigurations = (
				4E2BA831258764D800B53E70 /* Debug */,
				4E2BA832258764D800B53E70 /* Release */,
			);
			defaultConfigurationIsVisible = 0;
			defaultConfigurationName = Release;
		};
		4E2BA833258764D800B53E70 /* Build configuration list for PBXNativeTarget "SibielTests" */ = {
			isa = XCConfigurationList;
			buildConfigurations = (
				4E2BA834258764D800B53E70 /* Debug */,
				4E2BA835258764D800B53E70 /* Release */,
			);
			defaultConfigurationIsVisible = 0;
			defaultConfigurationName = Release;
		};
		4E2BA836258764D800B53E70 /* Build configuration list for PBXNativeTarget "SibielUITests" */ = {
			isa = XCConfigurationList;
			buildConfigurations = (
				4E2BA837258764D800B53E70 /* Debug */,
				4E2BA838258764D800B53E70 /* Release */,
			);
			defaultConfigurationIsVisible = 0;
			defaultConfigurationName = Release;
		};
/* End XCConfigurationList section */
	};
	rootObject = 4E2BA802258764D600B53E70 /* Project object */;
}
